
Microsoft Visual Studio Solution File, Format Version 12.00
# Visual Studio Version 16
VisualStudioVersion = 16.0.28711.60
MinimumVisualStudioVersion = 10.0.40219.1
Project("{FAE04EC0-301F-11D3-BF4B-00C04F79EFBC}") = "Bypass", "Bypass.csproj", "{1BB46B35-0938-453F-82D1-8FE83D95F303}"
EndProject
Global
	GlobalSection(SolutionConfigurationPlatforms) = preSolution
		Debug|Any CPU = Debug|Any CPU
		Release|Any CPU = Release|Any CPU
	EndGlobalSection
	GlobalSection(ProjectConfigurationPlatforms) = postSolution
		{1BB46B35-0938-453F-82D1-8FE83D95F303}.Debug|Any CPU.ActiveCfg = Debug|Any CPU
		{1BB46B35-0938-453F-82D1-8FE83D95F303}.Debug|Any CPU.Build.0 = Debug|Any CPU
		{1BB46B35-0938-453F-82D1-8FE83D95F303}.Release|Any CPU.ActiveCfg = Release|Any CPU
		{1BB46B35-0938-453F-82D1-8FE83D95F303}.Release|Any CPU.Build.0 = Release|Any CPU
	EndGlobalSection
	GlobalSection(SolutionProperties) = preSolution
		HideSolutionNode = FALSE
	EndGlobalSection
	GlobalSection(ExtensibilityGlobals) = postSolution
		SolutionGuid = {64F2FF56-1F1D-4C74-8800-78D504AA2533}
	EndGlobalSection
EndGlobal
